
Microsoft Visual Studio Solution File, Format Version 12.00
# Visual Studio Version 17
VisualStudioVersion = 17.9.34728.123
MinimumVisualStudioVersion = 10.0.40219.1
Project("{FAE04EC0-301F-11D3-BF4B-00C04F79EFBC}") = "NetworkAdjusterCS2", "NetworkAdjusterCS2.csproj", "{83A7122A-8235-454C-822F-7FBF7BECCD4B}"
EndProject
Global
	GlobalSection(SolutionConfigurationPlatforms) = preSolution
		Debug|Any CPU = Debug|Any CPU
		Release|Any CPU = Release|Any CPU
	EndGlobalSection
	GlobalSection(ProjectConfigurationPlatforms) = postSolution
		{83A7122A-8235-454C-822F-7FBF7BECCD4B}.Debug|Any CPU.ActiveCfg = Debug|Any CPU
		{83A7122A-8235-454C-822F-7FBF7BECCD4B}.Debug|Any CPU.Build.0 = Debug|Any CPU
		{83A7122A-8235-454C-822F-7FBF7BECCD4B}.Release|Any CPU.ActiveCfg = Release|Any CPU
		{83A7122A-8235-454C-822F-7FBF7BECCD4B}.Release|Any CPU.Build.0 = Release|Any CPU
	EndGlobalSection
	GlobalSection(SolutionProperties) = preSolution
		HideSolutionNode = FALSE
	EndGlobalSection
	GlobalSection(ExtensibilityGlobals) = postSolution
		SolutionGuid = {6E6564E7-D1D4-4584-A0C7-5ED3C8585B56}
	EndGlobalSection
EndGlobal
